
Microsoft Visual Studio Solution File, Format Version 12.00
# Visual Studio Version 17
VisualStudioVersion = 17.11.35327.3
MinimumVisualStudioVersion = 10.0.40219.1
Project("{FAE04EC0-301F-11D3-BF4B-00C04F79EFBC}") = "Tracker", "Tracker\Tracker.csproj", "{CBA10571-D994-4B43-8E20-DBFACBA28ABE}"
EndProject
Global
	GlobalSection(SolutionConfigurationPlatforms) = preSolution
		Debug|Any CPU = Debug|Any CPU
		Release|Any CPU = Release|Any CPU
	EndGlobalSection
	GlobalSection(ProjectConfigurationPlatforms) = postSolution
		{CBA10571-D994-4B43-8E20-DBFACBA28ABE}.Debug|Any CPU.ActiveCfg = Debug|Any CPU
		{CBA10571-D994-4B43-8E20-DBFACBA28ABE}.Debug|Any CPU.Build.0 = Debug|Any CPU
		{CBA10571-D994-4B43-8E20-DBFACBA28ABE}.Release|Any CPU.ActiveCfg = Release|Any CPU
		{CBA10571-D994-4B43-8E20-DBFACBA28ABE}.Release|Any CPU.Build.0 = Release|Any CPU
	EndGlobalSection
	GlobalSection(SolutionProperties) = preSolution
		HideSolutionNode = FALSE
	EndGlobalSection
	GlobalSection(ExtensibilityGlobals) = postSolution
		SolutionGuid = {ECA541C7-9A87-413B-A811-434008AD238E}
	EndGlobalSection
EndGlobal
